
Microsoft Visual Studio Solution File, Format Version 12.00
# Visual Studio Version 16
VisualStudioVersion = 16.0.31205.134
MinimumVisualStudioVersion = 10.0.40219.1
Project("{FAE04EC0-301F-11D3-BF4B-00C04F79EFBC}") = "peoples-clasification-ia", "peoples-clasification-ia\peoples-clasification-ia.csproj", "{0217A482-3DED-4FEC-AD7E-CBFA886FC36B}"
EndProject
Project("{9A19103F-16F7-4668-BE54-9A1E7A4F7556}") = "peoples-clasification-iaML.Model", "peoples-clasification-iaML.Model\peoples-clasification-iaML.Model.csproj", "{BB14D690-C6F5-4FC5-8597-36E162278E5A}"
EndProject
Project("{9A19103F-16F7-4668-BE54-9A1E7A4F7556}") = "peoples-clasification-iaML.ConsoleApp", "peoples-clasification-iaML.ConsoleApp\peoples-clasification-iaML.ConsoleApp.csproj", "{F8B93C91-0AEF-4237-9B56-85EED4503FA8}"
EndProject
Global
	GlobalSection(SolutionConfigurationPlatforms) = preSolution
		Debug|Any CPU = Debug|Any CPU
		Release|Any CPU = Release|Any CPU
	EndGlobalSection
	GlobalSection(ProjectConfigurationPlatforms) = postSolution
		{0217A482-3DED-4FEC-AD7E-CBFA886FC36B}.Debug|Any CPU.ActiveCfg = Debug|Any CPU
		{0217A482-3DED-4FEC-AD7E-CBFA886FC36B}.Debug|Any CPU.Build.0 = Debug|Any CPU
		{0217A482-3DED-4FEC-AD7E-CBFA886FC36B}.Release|Any CPU.ActiveCfg = Release|Any CPU
		{0217A482-3DED-4FEC-AD7E-CBFA886FC36B}.Release|Any CPU.Build.0 = Release|Any CPU
		{BB14D690-C6F5-4FC5-8597-36E162278E5A}.Debug|Any CPU.ActiveCfg = Debug|Any CPU
		{BB14D690-C6F5-4FC5-8597-36E162278E5A}.Debug|Any CPU.Build.0 = Debug|Any CPU
		{BB14D690-C6F5-4FC5-8597-36E162278E5A}.Release|Any CPU.ActiveCfg = Release|Any CPU
		{BB14D690-C6F5-4FC5-8597-36E162278E5A}.Release|Any CPU.Build.0 = Release|Any CPU
		{F8B93C91-0AEF-4237-9B56-85EED4503FA8}.Debug|Any CPU.ActiveCfg = Debug|Any CPU
		{F8B93C91-0AEF-4237-9B56-85EED4503FA8}.Debug|Any CPU.Build.0 = Debug|Any CPU
		{F8B93C91-0AEF-4237-9B56-85EED4503FA8}.Release|Any CPU.ActiveCfg = Release|Any CPU
		{F8B93C91-0AEF-4237-9B56-85EED4503FA8}.Release|Any CPU.Build.0 = Release|Any CPU
	EndGlobalSection
	GlobalSection(SolutionProperties) = preSolution
		HideSolutionNode = FALSE
	EndGlobalSection
	GlobalSection(ExtensibilityGlobals) = postSolution
		SolutionGuid = {29232FF5-A6F0-471D-AC64-563A6E0E4093}
	EndGlobalSection
EndGlobal
